
Microsoft Visual Studio Solution File, Format Version 12.00
# Visual Studio 15
VisualStudioVersion = 15.0.28010.2048
MinimumVisualStudioVersion = 10.0.40219.1
Project("{8BC9CEB8-8B4A-11D0-8D11-00A0C91BC942}") = "leetcode_004", "leetcode_004\leetcode_004.vcxproj", "{354550C3-632E-4C6D-8B38-00F2F5F3CFC2}"
EndProject
Global
	GlobalSection(SolutionConfigurationPlatforms) = preSolution
		Debug|x64 = Debug|x64
		Debug|x86 = Debug|x86
		Release|x64 = Release|x64
		Release|x86 = Release|x86
	EndGlobalSection
	GlobalSection(ProjectConfigurationPlatforms) = postSolution
		{354550C3-632E-4C6D-8B38-00F2F5F3CFC2}.Debug|x64.ActiveCfg = Debug|x64
		{354550C3-632E-4C6D-8B38-00F2F5F3CFC2}.Debug|x64.Build.0 = Debug|x64
		{354550C3-632E-4C6D-8B38-00F2F5F3CFC2}.Debug|x86.ActiveCfg = Debug|Win32
		{354550C3-632E-4C6D-8B38-00F2F5F3CFC2}.Debug|x86.Build.0 = Debug|Win32
		{354550C3-632E-4C6D-8B38-00F2F5F3CFC2}.Release|x64.ActiveCfg = Release|x64
		{354550C3-632E-4C6D-8B38-00F2F5F3CFC2}.Release|x64.Build.0 = Release|x64
		{354550C3-632E-4C6D-8B38-00F2F5F3CFC2}.Release|x86.ActiveCfg = Release|Win32
		{354550C3-632E-4C6D-8B38-00F2F5F3CFC2}.Release|x86.Build.0 = Release|Win32
	EndGlobalSection
	GlobalSection(SolutionProperties) = preSolution
		HideSolutionNode = FALSE
	EndGlobalSection
	GlobalSection(ExtensibilityGlobals) = postSolution
		SolutionGuid = {73BC1134-EAA4-41E2-8654-195ADD73DB72}
	EndGlobalSection
EndGlobal
